// !$*UTF8*$!
{
	archiveVersion = 1;
	classes = {
	};
	objectVersion = 56;
	objects = {

/* Begin PBXBuildFile section */
		0487509B29B83DBD006836D1 /* FeedFooterView.swift in Sources */ = {isa = PBXBuildFile; fileRef = 0487509A29B83DBD006836D1 /* FeedFooterView.swift */; };
		048750A329B8A2D4006836D1 /* AddMealView.swift in Sources */ = {isa = PBXBuildFile; fileRef = 048750A229B8A2D4006836D1 /* AddMealView.swift */; };
		048750A529B8ABA1006836D1 /* FeedTitleView.swift in Sources */ = {isa = PBXBuildFile; fileRef = 048750A429B8ABA1006836D1 /* FeedTitleView.swift */; };
		04C1189029B74BF40073EDB7 /* FeedView.swift in Sources */ = {isa = PBXBuildFile; fileRef = 04C1188F29B74BF40073EDB7 /* FeedView.swift */; };
		04C1189329B74D6C0073EDB7 /* FeedHeaderView.swift in Sources */ = {isa = PBXBuildFile; fileRef = 04C1189229B74D6C0073EDB7 /* FeedHeaderView.swift */; };
		04C1189529B74DD60073EDB7 /* TempFeedHeader.swift in Sources */ = {isa = PBXBuildFile; fileRef = 04C1189429B74DD60073EDB7 /* TempFeedHeader.swift */; };
		04E9931929B9E0CB00BE3F91 /* ProfilePhotoButtonView.swift in Sources */ = {isa = PBXBuildFile; fileRef = 04E9931829B9E0CB00BE3F91 /* ProfilePhotoButtonView.swift */; };
		630BA6C029AF57BE00019F2E /* Camera.swift in Sources */ = {isa = PBXBuildFile; fileRef = 630BA6BF29AF57BE00019F2E /* Camera.swift */; };
		630BA6C229AF57F700019F2E /* CameraViewModel.swift in Sources */ = {isa = PBXBuildFile; fileRef = 630BA6C129AF57F700019F2E /* CameraViewModel.swift */; };
		6366BA1E29B613C1004374BE /* CameraPreviewView.swift in Sources */ = {isa = PBXBuildFile; fileRef = 6366BA1D29B613C1004374BE /* CameraPreviewView.swift */; };
		7E1F719229A8FD9C005A7B56 /* AddCommentBarView.swift in Sources */ = {isa = PBXBuildFile; fileRef = 7E1F719129A8FD9C005A7B56 /* AddCommentBarView.swift */; };
		7E1F719429A90449005A7B56 /* TempPlate.swift in Sources */ = {isa = PBXBuildFile; fileRef = 7E1F719329A90449005A7B56 /* TempPlate.swift */; };
		7E2B2DAD29DE9304009EC0ED /* Constants.swift in Sources */ = {isa = PBXBuildFile; fileRef = 7E2B2DAC29DE9304009EC0ED /* Constants.swift */; };
		7E42C95729DC112B00ABE32D /* MealDetailTopView.swift in Sources */ = {isa = PBXBuildFile; fileRef = 7E42C95629DC112B00ABE32D /* MealDetailTopView.swift */; };
		7E4B1AA129A8E58900DDC65B /* TempComment.swift in Sources */ = {isa = PBXBuildFile; fileRef = 7E4B1AA029A8E58900DDC65B /* TempComment.swift */; };
		7E6069CD29A5CADE00284CBD /* SignUpView.swift in Sources */ = {isa = PBXBuildFile; fileRef = 7E6069CC29A5CADE00284CBD /* SignUpView.swift */; };
		7E6069CF29A5CAE500284CBD /* CameraView.swift in Sources */ = {isa = PBXBuildFile; fileRef = 7E6069CE29A5CAE500284CBD /* CameraView.swift */; };
		7E6069D329A5CAF300284CBD /* MealDetailView.swift in Sources */ = {isa = PBXBuildFile; fileRef = 7E6069D229A5CAF300284CBD /* MealDetailView.swift */; };
		7E6069D529A5CAFA00284CBD /* MyProfileView.swift in Sources */ = {isa = PBXBuildFile; fileRef = 7E6069D429A5CAFA00284CBD /* MyProfileView.swift */; };
		7E6069D829A5CB1000284CBD /* TempModel.swift in Sources */ = {isa = PBXBuildFile; fileRef = 7E6069D729A5CB1000284CBD /* TempModel.swift */; };
		7E6069DC29A5CB3A00284CBD /* TempExtension.swift in Sources */ = {isa = PBXBuildFile; fileRef = 7E6069DB29A5CB3A00284CBD /* TempExtension.swift */; };
		7E6069E029A7A7B400284CBD /* CommentView.swift in Sources */ = {isa = PBXBuildFile; fileRef = 7E6069DF29A7A7B400284CBD /* CommentView.swift */; };
		7E6069E229A7A7FE00284CBD /* PhotoCardView.swift in Sources */ = {isa = PBXBuildFile; fileRef = 7E6069E129A7A7FE00284CBD /* PhotoCardView.swift */; };
		7E6069E429A7ADE100284CBD /* TagOnPhotoView.swift in Sources */ = {isa = PBXBuildFile; fileRef = 7E6069E329A7ADE100284CBD /* TagOnPhotoView.swift */; };
		7E9198A329CF56B400044815 /* LoginView.swift in Sources */ = {isa = PBXBuildFile; fileRef = 7E9198A229CF56B400044815 /* LoginView.swift */; };
		7E9FEF3229DE9BFA002E7211 /* TextField+Extension.swift in Sources */ = {isa = PBXBuildFile; fileRef = 7E9FEF3129DE9BFA002E7211 /* TextField+Extension.swift */; };
		7E9FEF3529DEA07A002E7211 /* BottomButtonView.swift in Sources */ = {isa = PBXBuildFile; fileRef = 7E9FEF3429DEA07A002E7211 /* BottomButtonView.swift */; };
		7E9FEF3729DEBAA9002E7211 /* SignUpSecondView.swift in Sources */ = {isa = PBXBuildFile; fileRef = 7E9FEF3629DEBAA9002E7211 /* SignUpSecondView.swift */; };
		7E9FEF3929DF12EF002E7211 /* ImagePicker.swift in Sources */ = {isa = PBXBuildFile; fileRef = 7E9FEF3829DF12EF002E7211 /* ImagePicker.swift */; };
		7EDF91A929E97CD800FB23A8 /* CommentBar.swift in Sources */ = {isa = PBXBuildFile; fileRef = 7EDF91A829E97CD800FB23A8 /* CommentBar.swift */; };
		7EDF91AB29E989BD00FB23A8 /* View+Extension.swift in Sources */ = {isa = PBXBuildFile; fileRef = 7EDF91AA29E989BD00FB23A8 /* View+Extension.swift */; };
		7EFFE28829A5228D0021B9FE /* IAteItApp.swift in Sources */ = {isa = PBXBuildFile; fileRef = 7EFFE28729A5228D0021B9FE /* IAteItApp.swift */; };
		7EFFE28A29A5228D0021B9FE /* ContentView.swift in Sources */ = {isa = PBXBuildFile; fileRef = 7EFFE28929A5228D0021B9FE /* ContentView.swift */; };
		7EFFE28C29A5228F0021B9FE /* Assets.xcassets in Resources */ = {isa = PBXBuildFile; fileRef = 7EFFE28B29A5228F0021B9FE /* Assets.xcassets */; };
		7EFFE28F29A5228F0021B9FE /* Preview Assets.xcassets in Resources */ = {isa = PBXBuildFile; fileRef = 7EFFE28E29A5228F0021B9FE /* Preview Assets.xcassets */; };
		8C73F00329BDD010007D1A1E /* DailyMealCellView.swift in Sources */ = {isa = PBXBuildFile; fileRef = 8C73F00229BDD010007D1A1E /* DailyMealCellView.swift */; };
		8C73F00529BDDAE6007D1A1E /* DateFormatter.swift in Sources */ = {isa = PBXBuildFile; fileRef = 8C73F00429BDDAE6007D1A1E /* DateFormatter.swift */; };
		DF22139B29BB2843000134FC /* GoogleService-Info.plist in Resources */ = {isa = PBXBuildFile; fileRef = DF22139A29BB2843000134FC /* GoogleService-Info.plist */; };
		DF22139E29BB293C000134FC /* FirebaseFirestore in Frameworks */ = {isa = PBXBuildFile; productRef = DF22139D29BB293C000134FC /* FirebaseFirestore */; };
		DF2213A029BB293C000134FC /* FirebaseStorage in Frameworks */ = {isa = PBXBuildFile; productRef = DF22139F29BB293C000134FC /* FirebaseStorage */; };
		DF2213A229BB2ADC000134FC /* AppDelegate.swift in Sources */ = {isa = PBXBuildFile; fileRef = DF2213A129BB2ADC000134FC /* AppDelegate.swift */; };
		DF2213A529BB324F000134FC /* FirebaseConnector.swift in Sources */ = {isa = PBXBuildFile; fileRef = DF2213A429BB324F000134FC /* FirebaseConnector.swift */; };
		DF883D4229B58F2C0029DC60 /* User.swift in Sources */ = {isa = PBXBuildFile; fileRef = DF883D4129B58F2C0029DC60 /* User.swift */; };
		DF883D4629B58F3D0029DC60 /* Plate.swift in Sources */ = {isa = PBXBuildFile; fileRef = DF883D4529B58F3D0029DC60 /* Plate.swift */; };
		DF883D4829B58F430029DC60 /* Comment.swift in Sources */ = {isa = PBXBuildFile; fileRef = DF883D4729B58F430029DC60 /* Comment.swift */; };
		DFD52CE429CB127D00E86F9F /* Meal.swift in Sources */ = {isa = PBXBuildFile; fileRef = DFD52CE329CB127D00E86F9F /* Meal.swift */; };
/* End PBXBuildFile section */

/* Begin PBXFileReference section */
		0487509A29B83DBD006836D1 /* FeedFooterView.swift */ = {isa = PBXFileReference; lastKnownFileType = sourcecode.swift; path = FeedFooterView.swift; sourceTree = "<group>"; };
		048750A229B8A2D4006836D1 /* AddMealView.swift */ = {isa = PBXFileReference; fileEncoding = 4; lastKnownFileType = sourcecode.swift; path = AddMealView.swift; sourceTree = "<group>"; };
		048750A429B8ABA1006836D1 /* FeedTitleView.swift */ = {isa = PBXFileReference; lastKnownFileType = sourcecode.swift; path = FeedTitleView.swift; sourceTree = "<group>"; };
		04C1188F29B74BF40073EDB7 /* FeedView.swift */ = {isa = PBXFileReference; lastKnownFileType = sourcecode.swift; path = FeedView.swift; sourceTree = "<group>"; };
		04C1189229B74D6C0073EDB7 /* FeedHeaderView.swift */ = {isa = PBXFileReference; lastKnownFileType = sourcecode.swift; path = FeedHeaderView.swift; sourceTree = "<group>"; };
		04C1189429B74DD60073EDB7 /* TempFeedHeader.swift */ = {isa = PBXFileReference; lastKnownFileType = sourcecode.swift; path = TempFeedHeader.swift; sourceTree = "<group>"; };
		04E9931829B9E0CB00BE3F91 /* ProfilePhotoButtonView.swift */ = {isa = PBXFileReference; lastKnownFileType = sourcecode.swift; path = ProfilePhotoButtonView.swift; sourceTree = "<group>"; };
		630BA6BF29AF57BE00019F2E /* Camera.swift */ = {isa = PBXFileReference; lastKnownFileType = sourcecode.swift; path = Camera.swift; sourceTree = "<group>"; };
		630BA6C129AF57F700019F2E /* CameraViewModel.swift */ = {isa = PBXFileReference; lastKnownFileType = sourcecode.swift; path = CameraViewModel.swift; sourceTree = "<group>"; };
		6366BA1D29B613C1004374BE /* CameraPreviewView.swift */ = {isa = PBXFileReference; lastKnownFileType = sourcecode.swift; path = CameraPreviewView.swift; sourceTree = "<group>"; };
		7E1F719129A8FD9C005A7B56 /* AddCommentBarView.swift */ = {isa = PBXFileReference; lastKnownFileType = sourcecode.swift; path = AddCommentBarView.swift; sourceTree = "<group>"; };
		7E1F719329A90449005A7B56 /* TempPlate.swift */ = {isa = PBXFileReference; lastKnownFileType = sourcecode.swift; path = TempPlate.swift; sourceTree = "<group>"; };
		7E2B2DAC29DE9304009EC0ED /* Constants.swift */ = {isa = PBXFileReference; lastKnownFileType = sourcecode.swift; path = Constants.swift; sourceTree = "<group>"; };
		7E42C95629DC112B00ABE32D /* MealDetailTopView.swift */ = {isa = PBXFileReference; lastKnownFileType = sourcecode.swift; path = MealDetailTopView.swift; sourceTree = "<group>"; };
		7E4B1AA029A8E58900DDC65B /* TempComment.swift */ = {isa = PBXFileReference; lastKnownFileType = sourcecode.swift; path = TempComment.swift; sourceTree = "<group>"; };
		7E6069CC29A5CADE00284CBD /* SignUpView.swift */ = {isa = PBXFileReference; lastKnownFileType = sourcecode.swift; path = SignUpView.swift; sourceTree = "<group>"; };
		7E6069CE29A5CAE500284CBD /* CameraView.swift */ = {isa = PBXFileReference; lastKnownFileType = sourcecode.swift; path = CameraView.swift; sourceTree = "<group>"; };
		7E6069D229A5CAF300284CBD /* MealDetailView.swift */ = {isa = PBXFileReference; lastKnownFileType = sourcecode.swift; path = MealDetailView.swift; sourceTree = "<group>"; };
		7E6069D429A5CAFA00284CBD /* MyProfileView.swift */ = {isa = PBXFileReference; lastKnownFileType = sourcecode.swift; path = MyProfileView.swift; sourceTree = "<group>"; };
		7E6069D729A5CB1000284CBD /* TempModel.swift */ = {isa = PBXFileReference; lastKnownFileType = sourcecode.swift; path = TempModel.swift; sourceTree = "<group>"; };
		7E6069DB29A5CB3A00284CBD /* TempExtension.swift */ = {isa = PBXFileReference; lastKnownFileType = sourcecode.swift; path = TempExtension.swift; sourceTree = "<group>"; };
		7E6069DF29A7A7B400284CBD /* CommentView.swift */ = {isa = PBXFileReference; lastKnownFileType = sourcecode.swift; path = CommentView.swift; sourceTree = "<group>"; };
		7E6069E129A7A7FE00284CBD /* PhotoCardView.swift */ = {isa = PBXFileReference; lastKnownFileType = sourcecode.swift; path = PhotoCardView.swift; sourceTree = "<group>"; };
		7E6069E329A7ADE100284CBD /* TagOnPhotoView.swift */ = {isa = PBXFileReference; lastKnownFileType = sourcecode.swift; path = TagOnPhotoView.swift; sourceTree = "<group>"; };
		7E9198A229CF56B400044815 /* LoginView.swift */ = {isa = PBXFileReference; lastKnownFileType = sourcecode.swift; path = LoginView.swift; sourceTree = "<group>"; };
		7E9198A429CF591200044815 /* IAteIt.entitlements */ = {isa = PBXFileReference; lastKnownFileType = text.plist.entitlements; path = IAteIt.entitlements; sourceTree = "<group>"; };
		7E9FEF3129DE9BFA002E7211 /* TextField+Extension.swift */ = {isa = PBXFileReference; lastKnownFileType = sourcecode.swift; path = "TextField+Extension.swift"; sourceTree = "<group>"; };
		7E9FEF3429DEA07A002E7211 /* BottomButtonView.swift */ = {isa = PBXFileReference; lastKnownFileType = sourcecode.swift; path = BottomButtonView.swift; sourceTree = "<group>"; };
		7E9FEF3629DEBAA9002E7211 /* SignUpSecondView.swift */ = {isa = PBXFileReference; lastKnownFileType = sourcecode.swift; path = SignUpSecondView.swift; sourceTree = "<group>"; };
		7E9FEF3829DF12EF002E7211 /* ImagePicker.swift */ = {isa = PBXFileReference; lastKnownFileType = sourcecode.swift; path = ImagePicker.swift; sourceTree = "<group>"; };
		7EDF91A829E97CD800FB23A8 /* CommentBar.swift */ = {isa = PBXFileReference; lastKnownFileType = sourcecode.swift; path = CommentBar.swift; sourceTree = "<group>"; };
		7EDF91AA29E989BD00FB23A8 /* View+Extension.swift */ = {isa = PBXFileReference; lastKnownFileType = sourcecode.swift; path = "View+Extension.swift"; sourceTree = "<group>"; };
		7EFFE28429A5228D0021B9FE /* IAteIt.app */ = {isa = PBXFileReference; explicitFileType = wrapper.application; includeInIndex = 0; path = IAteIt.app; sourceTree = BUILT_PRODUCTS_DIR; };
		7EFFE28729A5228D0021B9FE /* IAteItApp.swift */ = {isa = PBXFileReference; lastKnownFileType = sourcecode.swift; path = IAteItApp.swift; sourceTree = "<group>"; };
		7EFFE28929A5228D0021B9FE /* ContentView.swift */ = {isa = PBXFileReference; lastKnownFileType = sourcecode.swift; path = ContentView.swift; sourceTree = "<group>"; };
		7EFFE28B29A5228F0021B9FE /* Assets.xcassets */ = {isa = PBXFileReference; lastKnownFileType = folder.assetcatalog; path = Assets.xcassets; sourceTree = "<group>"; };
		7EFFE28E29A5228F0021B9FE /* Preview Assets.xcassets */ = {isa = PBXFileReference; lastKnownFileType = folder.assetcatalog; path = "Preview Assets.xcassets"; sourceTree = "<group>"; };
		8C73F00229BDD010007D1A1E /* DailyMealCellView.swift */ = {isa = PBXFileReference; lastKnownFileType = sourcecode.swift; path = DailyMealCellView.swift; sourceTree = "<group>"; };
		8C73F00429BDDAE6007D1A1E /* DateFormatter.swift */ = {isa = PBXFileReference; lastKnownFileType = sourcecode.swift; path = DateFormatter.swift; sourceTree = "<group>"; };
		DF22139A29BB2843000134FC /* GoogleService-Info.plist */ = {isa = PBXFileReference; fileEncoding = 4; lastKnownFileType = text.plist.xml; path = "GoogleService-Info.plist"; sourceTree = "<group>"; };
		DF2213A129BB2ADC000134FC /* AppDelegate.swift */ = {isa = PBXFileReference; lastKnownFileType = sourcecode.swift; path = AppDelegate.swift; sourceTree = "<group>"; };
		DF2213A429BB324F000134FC /* FirebaseConnector.swift */ = {isa = PBXFileReference; lastKnownFileType = sourcecode.swift; path = FirebaseConnector.swift; sourceTree = "<group>"; };
		DF883D4129B58F2C0029DC60 /* User.swift */ = {isa = PBXFileReference; lastKnownFileType = sourcecode.swift; path = User.swift; sourceTree = "<group>"; };
		DF883D4529B58F3D0029DC60 /* Plate.swift */ = {isa = PBXFileReference; lastKnownFileType = sourcecode.swift; path = Plate.swift; sourceTree = "<group>"; };
		DF883D4729B58F430029DC60 /* Comment.swift */ = {isa = PBXFileReference; lastKnownFileType = sourcecode.swift; path = Comment.swift; sourceTree = "<group>"; };
		DFD52CE329CB127D00E86F9F /* Meal.swift */ = {isa = PBXFileReference; lastKnownFileType = sourcecode.swift; path = Meal.swift; sourceTree = "<group>"; };
/* End PBXFileReference section */

/* Begin PBXFrameworksBuildPhase section */
		7EFFE28129A5228D0021B9FE /* Frameworks */ = {
			isa = PBXFrameworksBuildPhase;
			buildActionMask = 2147483647;
			files = (
				DF22139E29BB293C000134FC /* FirebaseFirestore in Frameworks */,
				DF2213A029BB293C000134FC /* FirebaseStorage in Frameworks */,
			);
			runOnlyForDeploymentPostprocessing = 0;
		};
/* End PBXFrameworksBuildPhase section */

/* Begin PBXGroup section */
		04C1189129B74D410073EDB7 /* Component */ = {
			isa = PBXGroup;
			children = (
				04C1189229B74D6C0073EDB7 /* FeedHeaderView.swift */,
				0487509A29B83DBD006836D1 /* FeedFooterView.swift */,
				048750A229B8A2D4006836D1 /* AddMealView.swift */,
				048750A429B8ABA1006836D1 /* FeedTitleView.swift */,
				04E9931829B9E0CB00BE3F91 /* ProfilePhotoButtonView.swift */,
			);
			path = Component;
			sourceTree = "<group>";
		};
		7E6069C629A5CA6900284CBD /* View */ = {
			isa = PBXGroup;
			children = (
				7EFFE28929A5228D0021B9FE /* ContentView.swift */,
				7E6069C729A5CA7400284CBD /* SignUp */,
				7E6069CB29A5CAA700284CBD /* Upload */,
				7E6069C829A5CA7B00284CBD /* Feed */,
				7E6069C929A5CA9600284CBD /* MealDetail */,
				7E6069CA29A5CA9D00284CBD /* MyProfile */,
			);
			path = View;
			sourceTree = "<group>";
		};
		7E6069C729A5CA7400284CBD /* SignUp */ = {
			isa = PBXGroup;
			children = (
				7E9FEF3329DEA052002E7211 /* Component */,
				7E6069CC29A5CADE00284CBD /* SignUpView.swift */,
				7E9FEF3629DEBAA9002E7211 /* SignUpSecondView.swift */,
				7E9198A229CF56B400044815 /* LoginView.swift */,
			);
			path = SignUp;
			sourceTree = "<group>";
		};
		7E6069C829A5CA7B00284CBD /* Feed */ = {
			isa = PBXGroup;
			children = (
				04C1189129B74D410073EDB7 /* Component */,
				04C1188F29B74BF40073EDB7 /* FeedView.swift */,
			);
			path = Feed;
			sourceTree = "<group>";
		};
		7E6069C929A5CA9600284CBD /* MealDetail */ = {
			isa = PBXGroup;
			children = (
				7EDF91AC29EE8ECB00FB23A8 /* Model */,
				7E6069DE29A7995400284CBD /* Component */,
				7E6069D229A5CAF300284CBD /* MealDetailView.swift */,
			);
			path = MealDetail;
			sourceTree = "<group>";
		};
		7E6069CA29A5CA9D00284CBD /* MyProfile */ = {
			isa = PBXGroup;
			children = (
				7E6069D429A5CAFA00284CBD /* MyProfileView.swift */,
				8C73F00229BDD010007D1A1E /* DailyMealCellView.swift */,
			);
			path = MyProfile;
			sourceTree = "<group>";
		};
		7E6069CB29A5CAA700284CBD /* Upload */ = {
			isa = PBXGroup;
			children = (
				7E6069CE29A5CAE500284CBD /* CameraView.swift */,
				630BA6BF29AF57BE00019F2E /* Camera.swift */,
				630BA6C129AF57F700019F2E /* CameraViewModel.swift */,
				6366BA1D29B613C1004374BE /* CameraPreviewView.swift */,
			);
			path = Upload;
			sourceTree = "<group>";
		};
		7E6069D629A5CAFF00284CBD /* Model */ = {
			isa = PBXGroup;
			children = (
				7E6069D729A5CB1000284CBD /* TempModel.swift */,
				DF883D4129B58F2C0029DC60 /* User.swift */,
				DF883D4529B58F3D0029DC60 /* Plate.swift */,
				DF883D4729B58F430029DC60 /* Comment.swift */,
				7E4B1AA029A8E58900DDC65B /* TempComment.swift */,
				7E1F719329A90449005A7B56 /* TempPlate.swift */,
				04C1189429B74DD60073EDB7 /* TempFeedHeader.swift */,
				DFD52CE329CB127D00E86F9F /* Meal.swift */,
			);
			path = Model;
			sourceTree = "<group>";
		};
		7E6069D929A5CB1E00284CBD /* Utility */ = {
			isa = PBXGroup;
			children = (
				7E6069DA29A5CB2800284CBD /* Extension */,
				7E9FEF3829DF12EF002E7211 /* ImagePicker.swift */,
				7E2B2DAC29DE9304009EC0ED /* Constants.swift */,
			);
			path = Utility;
			sourceTree = "<group>";
		};
		7E6069DA29A5CB2800284CBD /* Extension */ = {
			isa = PBXGroup;
			children = (
				7E6069DB29A5CB3A00284CBD /* TempExtension.swift */,
				8C73F00429BDDAE6007D1A1E /* DateFormatter.swift */,
				7E9FEF3129DE9BFA002E7211 /* TextField+Extension.swift */,
				7EDF91AA29E989BD00FB23A8 /* View+Extension.swift */,
			);
			path = Extension;
			sourceTree = "<group>";
		};
		7E6069DD29A5CB9E00284CBD /* Application */ = {
			isa = PBXGroup;
			children = (
				7EFFE28729A5228D0021B9FE /* IAteItApp.swift */,
				DF2213A129BB2ADC000134FC /* AppDelegate.swift */,
				7EFFE28B29A5228F0021B9FE /* Assets.xcassets */,
				DF22139A29BB2843000134FC /* GoogleService-Info.plist */,
			);
			path = Application;
			sourceTree = "<group>";
		};
		7E6069DE29A7995400284CBD /* Component */ = {
			isa = PBXGroup;
			children = (
				7E6069DF29A7A7B400284CBD /* CommentView.swift */,
				7E6069E129A7A7FE00284CBD /* PhotoCardView.swift */,
				7E6069E329A7ADE100284CBD /* TagOnPhotoView.swift */,
				7E1F719129A8FD9C005A7B56 /* AddCommentBarView.swift */,
				7E42C95629DC112B00ABE32D /* MealDetailTopView.swift */,
			);
			path = Component;
			sourceTree = "<group>";
		};
		7E9FEF3329DEA052002E7211 /* Component */ = {
			isa = PBXGroup;
			children = (
				7E9FEF3429DEA07A002E7211 /* BottomButtonView.swift */,
			);
			path = Component;
			sourceTree = "<group>";
		};
		7EDF91AC29EE8ECB00FB23A8 /* Model */ = {
			isa = PBXGroup;
			children = (
				7EDF91A829E97CD800FB23A8 /* CommentBar.swift */,
			);
			path = Model;
			sourceTree = "<group>";
		};
		7EFFE27B29A5228D0021B9FE = {
			isa = PBXGroup;
			children = (
				7EFFE28629A5228D0021B9FE /* IAteIt */,
				7EFFE28529A5228D0021B9FE /* Products */,
			);
			sourceTree = "<group>";
		};
		7EFFE28529A5228D0021B9FE /* Products */ = {
			isa = PBXGroup;
			children = (
				7EFFE28429A5228D0021B9FE /* IAteIt.app */,
			);
			name = Products;
			sourceTree = "<group>";
		};
		7EFFE28629A5228D0021B9FE /* IAteIt */ = {
			isa = PBXGroup;
			children = (
				7E9198A429CF591200044815 /* IAteIt.entitlements */,
				DF2213A329BB3215000134FC /* Network */,
				7E6069D929A5CB1E00284CBD /* Utility */,
				7E6069C629A5CA6900284CBD /* View */,
				7E6069D629A5CAFF00284CBD /* Model */,
				7E6069DD29A5CB9E00284CBD /* Application */,
				7EFFE28D29A5228F0021B9FE /* Preview Content */,
			);
			path = IAteIt;
			sourceTree = "<group>";
		};
		7EFFE28D29A5228F0021B9FE /* Preview Content */ = {
			isa = PBXGroup;
			children = (
				7EFFE28E29A5228F0021B9FE /* Preview Assets.xcassets */,
			);
			path = "Preview Content";
			sourceTree = "<group>";
		};
		DF2213A329BB3215000134FC /* Network */ = {
			isa = PBXGroup;
			children = (
				DF2213A429BB324F000134FC /* FirebaseConnector.swift */,
			);
			path = Network;
			sourceTree = "<group>";
		};
/* End PBXGroup section */

/* Begin PBXNativeTarget section */
		7EFFE28329A5228D0021B9FE /* IAteIt */ = {
			isa = PBXNativeTarget;
			buildConfigurationList = 7EFFE29229A5228F0021B9FE /* Build configuration list for PBXNativeTarget "IAteIt" */;
			buildPhases = (
				7EFFE28029A5228D0021B9FE /* Sources */,
				7EFFE28129A5228D0021B9FE /* Frameworks */,
				7EFFE28229A5228D0021B9FE /* Resources */,
			);
			buildRules = (
			);
			dependencies = (
			);
			name = IAteIt;
			packageProductDependencies = (
				DF22139D29BB293C000134FC /* FirebaseFirestore */,
				DF22139F29BB293C000134FC /* FirebaseStorage */,
			);
			productName = IAteIt;
			productReference = 7EFFE28429A5228D0021B9FE /* IAteIt.app */;
			productType = "com.apple.product-type.application";
		};
/* End PBXNativeTarget section */

/* Begin PBXProject section */
		7EFFE27C29A5228D0021B9FE /* Project object */ = {
			isa = PBXProject;
			attributes = {
				BuildIndependentTargetsInParallel = 1;
				LastSwiftUpdateCheck = 1420;
				LastUpgradeCheck = 1420;
				TargetAttributes = {
					7EFFE28329A5228D0021B9FE = {
						CreatedOnToolsVersion = 14.2;
					};
				};
			};
			buildConfigurationList = 7EFFE27F29A5228D0021B9FE /* Build configuration list for PBXProject "IAteIt" */;
			compatibilityVersion = "Xcode 14.0";
			developmentRegion = en;
			hasScannedForEncodings = 0;
			knownRegions = (
				en,
				Base,
			);
			mainGroup = 7EFFE27B29A5228D0021B9FE;
			packageReferences = (
				DF22139C29BB293C000134FC /* XCRemoteSwiftPackageReference "firebase-ios-sdk" */,
			);
			productRefGroup = 7EFFE28529A5228D0021B9FE /* Products */;
			projectDirPath = "";
			projectRoot = "";
			targets = (
				7EFFE28329A5228D0021B9FE /* IAteIt */,
			);
		};
/* End PBXProject section */

/* Begin PBXResourcesBuildPhase section */
		7EFFE28229A5228D0021B9FE /* Resources */ = {
			isa = PBXResourcesBuildPhase;
			buildActionMask = 2147483647;
			files = (
				7EFFE28F29A5228F0021B9FE /* Preview Assets.xcassets in Resources */,
				7EFFE28C29A5228F0021B9FE /* Assets.xcassets in Resources */,
				DF22139B29BB2843000134FC /* GoogleService-Info.plist in Resources */,
			);
			runOnlyForDeploymentPostprocessing = 0;
		};
/* End PBXResourcesBuildPhase section */

/* Begin PBXSourcesBuildPhase section */
		7EFFE28029A5228D0021B9FE /* Sources */ = {
			isa = PBXSourcesBuildPhase;
			buildActionMask = 2147483647;
			files = (
				7E6069D329A5CAF300284CBD /* MealDetailView.swift in Sources */,
				7E2B2DAD29DE9304009EC0ED /* Constants.swift in Sources */,
				DF883D4629B58F3D0029DC60 /* Plate.swift in Sources */,
				7E6069E429A7ADE100284CBD /* TagOnPhotoView.swift in Sources */,
				6366BA1E29B613C1004374BE /* CameraPreviewView.swift in Sources */,
				7E9FEF3729DEBAA9002E7211 /* SignUpSecondView.swift in Sources */,
				DFD52CE429CB127D00E86F9F /* Meal.swift in Sources */,
				7E6069D829A5CB1000284CBD /* TempModel.swift in Sources */,
				04C1189529B74DD60073EDB7 /* TempFeedHeader.swift in Sources */,
				7E6069DC29A5CB3A00284CBD /* TempExtension.swift in Sources */,
				7EFFE28A29A5228D0021B9FE /* ContentView.swift in Sources */,
				8C73F00529BDDAE6007D1A1E /* DateFormatter.swift in Sources */,
				04C1189329B74D6C0073EDB7 /* FeedHeaderView.swift in Sources */,
				7E6069CD29A5CADE00284CBD /* SignUpView.swift in Sources */,
				DF883D4829B58F430029DC60 /* Comment.swift in Sources */,
				7E6069D529A5CAFA00284CBD /* MyProfileView.swift in Sources */,
				7E9FEF3229DE9BFA002E7211 /* TextField+Extension.swift in Sources */,
				8C73F00329BDD010007D1A1E /* DailyMealCellView.swift in Sources */,
				7EDF91AB29E989BD00FB23A8 /* View+Extension.swift in Sources */,
				7EFFE28829A5228D0021B9FE /* IAteItApp.swift in Sources */,
				DF883D4229B58F2C0029DC60 /* User.swift in Sources */,
				7E6069CF29A5CAE500284CBD /* CameraView.swift in Sources */,
				630BA6C029AF57BE00019F2E /* Camera.swift in Sources */,
				630BA6C229AF57F700019F2E /* CameraViewModel.swift in Sources */,
				7E6069E229A7A7FE00284CBD /* PhotoCardView.swift in Sources */,
				04C1189029B74BF40073EDB7 /* FeedView.swift in Sources */,
				7E9FEF3529DEA07A002E7211 /* BottomButtonView.swift in Sources */,
				7E6069D529A5CAFA00284CBD /* MyProfileView.swift in Sources */,
				7EFFE28829A5228D0021B9FE /* IAteItApp.swift in Sources */,
				048750A329B8A2D4006836D1 /* AddMealView.swift in Sources */,
				7E9198A329CF56B400044815 /* LoginView.swift in Sources */,
				DF2213A229BB2ADC000134FC /* AppDelegate.swift in Sources */,
				7E4B1AA129A8E58900DDC65B /* TempComment.swift in Sources */,
				7E42C95729DC112B00ABE32D /* MealDetailTopView.swift in Sources */,
				04E9931929B9E0CB00BE3F91 /* ProfilePhotoButtonView.swift in Sources */,
				7EDF91A929E97CD800FB23A8 /* CommentBar.swift in Sources */,
				0487509B29B83DBD006836D1 /* FeedFooterView.swift in Sources */,
				7E6069E029A7A7B400284CBD /* CommentView.swift in Sources */,
				7E1F719229A8FD9C005A7B56 /* AddCommentBarView.swift in Sources */,
				048750A529B8ABA1006836D1 /* FeedTitleView.swift in Sources */,
				7E1F719429A90449005A7B56 /* TempPlate.swift in Sources */,
				7E9FEF3929DF12EF002E7211 /* ImagePicker.swift in Sources */,
				DF2213A529BB324F000134FC /* FirebaseConnector.swift in Sources */,
				7E6069CF29A5CAE500284CBD /* CameraView.swift in Sources */,
			);
			runOnlyForDeploymentPostprocessing = 0;
		};
/* End PBXSourcesBuildPhase section */

/* Begin XCBuildConfiguration section */
		7EFFE29029A5228F0021B9FE /* Debug */ = {
			isa = XCBuildConfiguration;
			buildSettings = {
				ALWAYS_SEARCH_USER_PATHS = NO;
				CLANG_ANALYZER_NONNULL = YES;
				CLANG_ANALYZER_NUMBER_OBJECT_CONVERSION = YES_AGGRESSIVE;
				CLANG_CXX_LANGUAGE_STANDARD = "gnu++20";
				CLANG_ENABLE_MODULES = YES;
				CLANG_ENABLE_OBJC_ARC = YES;
				CLANG_ENABLE_OBJC_WEAK = YES;
				CLANG_WARN_BLOCK_CAPTURE_AUTORELEASING = YES;
				CLANG_WARN_BOOL_CONVERSION = YES;
				CLANG_WARN_COMMA = YES;
				CLANG_WARN_CONSTANT_CONVERSION = YES;
				CLANG_WARN_DEPRECATED_OBJC_IMPLEMENTATIONS = YES;
				CLANG_WARN_DIRECT_OBJC_ISA_USAGE = YES_ERROR;
				CLANG_WARN_DOCUMENTATION_COMMENTS = YES;
				CLANG_WARN_EMPTY_BODY = YES;
				CLANG_WARN_ENUM_CONVERSION = YES;
				CLANG_WARN_INFINITE_RECURSION = YES;
				CLANG_WARN_INT_CONVERSION = YES;
				CLANG_WARN_NON_LITERAL_NULL_CONVERSION = YES;
				CLANG_WARN_OBJC_IMPLICIT_RETAIN_SELF = YES;
				CLANG_WARN_OBJC_LITERAL_CONVERSION = YES;
				CLANG_WARN_OBJC_ROOT_CLASS = YES_ERROR;
				CLANG_WARN_QUOTED_INCLUDE_IN_FRAMEWORK_HEADER = YES;
				CLANG_WARN_RANGE_LOOP_ANALYSIS = YES;
				CLANG_WARN_STRICT_PROTOTYPES = YES;
				CLANG_WARN_SUSPICIOUS_MOVE = YES;
				CLANG_WARN_UNGUARDED_AVAILABILITY = YES_AGGRESSIVE;
				CLANG_WARN_UNREACHABLE_CODE = YES;
				CLANG_WARN__DUPLICATE_METHOD_MATCH = YES;
				COPY_PHASE_STRIP = NO;
				DEBUG_INFORMATION_FORMAT = dwarf;
				ENABLE_STRICT_OBJC_MSGSEND = YES;
				ENABLE_TESTABILITY = YES;
				GCC_C_LANGUAGE_STANDARD = gnu11;
				GCC_DYNAMIC_NO_PIC = NO;
				GCC_NO_COMMON_BLOCKS = YES;
				GCC_OPTIMIZATION_LEVEL = 0;
				GCC_PREPROCESSOR_DEFINITIONS = (
					"DEBUG=1",
					"$(inherited)",
				);
				GCC_WARN_64_TO_32_BIT_CONVERSION = YES;
				GCC_WARN_ABOUT_RETURN_TYPE = YES_ERROR;
				GCC_WARN_UNDECLARED_SELECTOR = YES;
				GCC_WARN_UNINITIALIZED_AUTOS = YES_AGGRESSIVE;
				GCC_WARN_UNUSED_FUNCTION = YES;
				GCC_WARN_UNUSED_VARIABLE = YES;
				IPHONEOS_DEPLOYMENT_TARGET = 16.2;
				MTL_ENABLE_DEBUG_INFO = INCLUDE_SOURCE;
				MTL_FAST_MATH = YES;
				ONLY_ACTIVE_ARCH = YES;
				SDKROOT = iphoneos;
				SWIFT_ACTIVE_COMPILATION_CONDITIONS = DEBUG;
				SWIFT_OPTIMIZATION_LEVEL = "-Onone";
			};
			name = Debug;
		};
		7EFFE29129A5228F0021B9FE /* Release */ = {
			isa = XCBuildConfiguration;
			buildSettings = {
				ALWAYS_SEARCH_USER_PATHS = NO;
				CLANG_ANALYZER_NONNULL = YES;
				CLANG_ANALYZER_NUMBER_OBJECT_CONVERSION = YES_AGGRESSIVE;
				CLANG_CXX_LANGUAGE_STANDARD = "gnu++20";
				CLANG_ENABLE_MODULES = YES;
				CLANG_ENABLE_OBJC_ARC = YES;
				CLANG_ENABLE_OBJC_WEAK = YES;
				CLANG_WARN_BLOCK_CAPTURE_AUTORELEASING = YES;
				CLANG_WARN_BOOL_CONVERSION = YES;
				CLANG_WARN_COMMA = YES;
				CLANG_WARN_CONSTANT_CONVERSION = YES;
				CLANG_WARN_DEPRECATED_OBJC_IMPLEMENTATIONS = YES;
				CLANG_WARN_DIRECT_OBJC_ISA_USAGE = YES_ERROR;
				CLANG_WARN_DOCUMENTATION_COMMENTS = YES;
				CLANG_WARN_EMPTY_BODY = YES;
				CLANG_WARN_ENUM_CONVERSION = YES;
				CLANG_WARN_INFINITE_RECURSION = YES;
				CLANG_WARN_INT_CONVERSION = YES;
				CLANG_WARN_NON_LITERAL_NULL_CONVERSION = YES;
				CLANG_WARN_OBJC_IMPLICIT_RETAIN_SELF = YES;
				CLANG_WARN_OBJC_LITERAL_CONVERSION = YES;
				CLANG_WARN_OBJC_ROOT_CLASS = YES_ERROR;
				CLANG_WARN_QUOTED_INCLUDE_IN_FRAMEWORK_HEADER = YES;
				CLANG_WARN_RANGE_LOOP_ANALYSIS = YES;
				CLANG_WARN_STRICT_PROTOTYPES = YES;
				CLANG_WARN_SUSPICIOUS_MOVE = YES;
				CLANG_WARN_UNGUARDED_AVAILABILITY = YES_AGGRESSIVE;
				CLANG_WARN_UNREACHABLE_CODE = YES;
				CLANG_WARN__DUPLICATE_METHOD_MATCH = YES;
				COPY_PHASE_STRIP = NO;
				DEBUG_INFORMATION_FORMAT = "dwarf-with-dsym";
				ENABLE_NS_ASSERTIONS = NO;
				ENABLE_STRICT_OBJC_MSGSEND = YES;
				GCC_C_LANGUAGE_STANDARD = gnu11;
				GCC_NO_COMMON_BLOCKS = YES;
				GCC_WARN_64_TO_32_BIT_CONVERSION = YES;
				GCC_WARN_ABOUT_RETURN_TYPE = YES_ERROR;
				GCC_WARN_UNDECLARED_SELECTOR = YES;
				GCC_WARN_UNINITIALIZED_AUTOS = YES_AGGRESSIVE;
				GCC_WARN_UNUSED_FUNCTION = YES;
				GCC_WARN_UNUSED_VARIABLE = YES;
				IPHONEOS_DEPLOYMENT_TARGET = 16.2;
				MTL_ENABLE_DEBUG_INFO = NO;
				MTL_FAST_MATH = YES;
				SDKROOT = iphoneos;
				SWIFT_COMPILATION_MODE = wholemodule;
				SWIFT_OPTIMIZATION_LEVEL = "-O";
				VALIDATE_PRODUCT = YES;
			};
			name = Release;
		};
		7EFFE29329A5228F0021B9FE /* Debug */ = {
			isa = XCBuildConfiguration;
			buildSettings = {
				ASSETCATALOG_COMPILER_APPICON_NAME = AppIcon;
				ASSETCATALOG_COMPILER_GLOBAL_ACCENT_COLOR_NAME = AccentColor;
				CODE_SIGN_ENTITLEMENTS = IAteIt/IAteIt.entitlements;
				CODE_SIGN_IDENTITY = "Apple Development";
				"CODE_SIGN_IDENTITY[sdk=iphoneos*]" = "iPhone Developer";
				CODE_SIGN_STYLE = Manual;
				CURRENT_PROJECT_VERSION = 1;
				DEVELOPMENT_ASSET_PATHS = "\"IAteIt/Preview Content\"";
				DEVELOPMENT_TEAM = "";
				"DEVELOPMENT_TEAM[sdk=iphoneos*]" = 44Q9HUN6LA;
				ENABLE_PREVIEWS = YES;
				GENERATE_INFOPLIST_FILE = YES;
				INFOPLIST_KEY_NSCameraUsageDescription = "이 앱은 사진을 촬영하기 위해 카메라를 사용합니다. 카메라 접근 권한을 허용해 주세요.";
				INFOPLIST_KEY_NSPhotoLibraryAddUsageDescription = "이 앱은 사진을 촬영 후 저장합니다. 앨범 접근 권한을 허용해주세요.";
				INFOPLIST_KEY_UIApplicationSceneManifest_Generation = YES;
				INFOPLIST_KEY_UIApplicationSupportsIndirectInputEvents = YES;
				INFOPLIST_KEY_UILaunchScreen_Generation = YES;
				INFOPLIST_KEY_UISupportedInterfaceOrientations_iPad = "UIInterfaceOrientationPortrait UIInterfaceOrientationPortraitUpsideDown UIInterfaceOrientationLandscapeLeft UIInterfaceOrientationLandscapeRight";
				INFOPLIST_KEY_UISupportedInterfaceOrientations_iPhone = "UIInterfaceOrientationPortrait UIInterfaceOrientationLandscapeLeft UIInterfaceOrientationLandscapeRight";
				IPHONEOS_DEPLOYMENT_TARGET = 15.0;
				LD_RUNPATH_SEARCH_PATHS = (
					"$(inherited)",
					"@executable_path/Frameworks",
				);
				MARKETING_VERSION = 1.0;
				PRODUCT_BUNDLE_IDENTIFIER = Bnomad.IAteIt;
				PRODUCT_NAME = "$(TARGET_NAME)";
				PROVISIONING_PROFILE_SPECIFIER = "";
				"PROVISIONING_PROFILE_SPECIFIER[sdk=iphoneos*]" = IAteItProvisioningProfile;
				SWIFT_EMIT_LOC_STRINGS = YES;
				SWIFT_VERSION = 5.0;
				TARGETED_DEVICE_FAMILY = "1,2";
			};
			name = Debug;
		};
		7EFFE29429A5228F0021B9FE /* Release */ = {
			isa = XCBuildConfiguration;
			buildSettings = {
				ASSETCATALOG_COMPILER_APPICON_NAME = AppIcon;
				ASSETCATALOG_COMPILER_GLOBAL_ACCENT_COLOR_NAME = AccentColor;
				CODE_SIGN_ENTITLEMENTS = IAteIt/IAteIt.entitlements;
				CODE_SIGN_IDENTITY = "Apple Development";
				"CODE_SIGN_IDENTITY[sdk=iphoneos*]" = "iPhone Developer";
				CODE_SIGN_STYLE = Manual;
				CURRENT_PROJECT_VERSION = 1;
				DEVELOPMENT_ASSET_PATHS = "\"IAteIt/Preview Content\"";
				DEVELOPMENT_TEAM = "";
				"DEVELOPMENT_TEAM[sdk=iphoneos*]" = 44Q9HUN6LA;
				ENABLE_PREVIEWS = YES;
				GENERATE_INFOPLIST_FILE = YES;
				INFOPLIST_KEY_NSCameraUsageDescription = "이 앱은 사진을 촬영하기 위해 카메라를 사용합니다. 카메라 접근 권한을 허용해 주세요.";
				INFOPLIST_KEY_NSPhotoLibraryAddUsageDescription = "이 앱은 사진을 촬영 후 저장합니다. 앨범 접근 권한을 허용해주세요.";
				INFOPLIST_KEY_UIApplicationSceneManifest_Generation = YES;
				INFOPLIST_KEY_UIApplicationSupportsIndirectInputEvents = YES;
				INFOPLIST_KEY_UILaunchScreen_Generation = YES;
				INFOPLIST_KEY_UISupportedInterfaceOrientations_iPad = "UIInterfaceOrientationPortrait UIInterfaceOrientationPortraitUpsideDown UIInterfaceOrientationLandscapeLeft UIInterfaceOrientationLandscapeRight";
				INFOPLIST_KEY_UISupportedInterfaceOrientations_iPhone = "UIInterfaceOrientationPortrait UIInterfaceOrientationLandscapeLeft UIInterfaceOrientationLandscapeRight";
				IPHONEOS_DEPLOYMENT_TARGET = 15.0;
				LD_RUNPATH_SEARCH_PATHS = (
					"$(inherited)",
					"@executable_path/Frameworks",
				);
				MARKETING_VERSION = 1.0;
				PRODUCT_BUNDLE_IDENTIFIER = Bnomad.IAteIt;
				PRODUCT_NAME = "$(TARGET_NAME)";
				PROVISIONING_PROFILE_SPECIFIER = "";
				"PROVISIONING_PROFILE_SPECIFIER[sdk=iphoneos*]" = IAteItProvisioningProfile;
				SWIFT_EMIT_LOC_STRINGS = YES;
				SWIFT_VERSION = 5.0;
				TARGETED_DEVICE_FAMILY = "1,2";
			};
			name = Release;
		};
/* End XCBuildConfiguration section */

/* Begin XCConfigurationList section */
		7EFFE27F29A5228D0021B9FE /* Build configuration list for PBXProject "IAteIt" */ = {
			isa = XCConfigurationList;
			buildConfigurations = (
				7EFFE29029A5228F0021B9FE /* Debug */,
				7EFFE29129A5228F0021B9FE /* Release */,
			);
			defaultConfigurationIsVisible = 0;
			defaultConfigurationName = Release;
		};
		7EFFE29229A5228F0021B9FE /* Build configuration list for PBXNativeTarget "IAteIt" */ = {
			isa = XCConfigurationList;
			buildConfigurations = (
				7EFFE29329A5228F0021B9FE /* Debug */,
				7EFFE29429A5228F0021B9FE /* Release */,
			);
			defaultConfigurationIsVisible = 0;
			defaultConfigurationName = Release;
		};
/* End XCConfigurationList section */

/* Begin XCRemoteSwiftPackageReference section */
		DF22139C29BB293C000134FC /* XCRemoteSwiftPackageReference "firebase-ios-sdk" */ = {
			isa = XCRemoteSwiftPackageReference;
			repositoryURL = "https://github.com/firebase/firebase-ios-sdk";
			requirement = {
				branch = master;
				kind = branch;
			};
		};
/* End XCRemoteSwiftPackageReference section */

/* Begin XCSwiftPackageProductDependency section */
		DF22139D29BB293C000134FC /* FirebaseFirestore */ = {
			isa = XCSwiftPackageProductDependency;
			package = DF22139C29BB293C000134FC /* XCRemoteSwiftPackageReference "firebase-ios-sdk" */;
			productName = FirebaseFirestore;
		};
		DF22139F29BB293C000134FC /* FirebaseStorage */ = {
			isa = XCSwiftPackageProductDependency;
			package = DF22139C29BB293C000134FC /* XCRemoteSwiftPackageReference "firebase-ios-sdk" */;
			productName = FirebaseStorage;
		};
/* End XCSwiftPackageProductDependency section */
	};
	rootObject = 7EFFE27C29A5228D0021B9FE /* Project object */;
}
